// !$*UTF8*$!
{
	archiveVersion = 1;
	classes = {
	};
	objectVersion = 46;
	objects = {

/* Begin PBXBuildFile section */
		0F1773E81EE5FDE700749740 /* ScanResultTests.swift in Sources */ = {isa = PBXBuildFile; fileRef = 0F1773E71EE5FDE700749740 /* ScanResultTests.swift */; };
		0F1A78961EE878270067EEB3 /* DefaultFileManager.m in Sources */ = {isa = PBXBuildFile; fileRef = 0F1A78951EE878270067EEB3 /* DefaultFileManager.m */; };
		0F1A78991EE893F40067EEB3 /* ScanResultCell.swift in Sources */ = {isa = PBXBuildFile; fileRef = 0F1A78981EE893F40067EEB3 /* ScanResultCell.swift */; };
		0F30C62C1EE719360013CE18 /* ScanResult.swift in Sources */ = {isa = PBXBuildFile; fileRef = 0F30C62B1EE719360013CE18 /* ScanResult.swift */; };
		0F30C6301EE7194E0013CE18 /* PDFScanner.mm in Sources */ = {isa = PBXBuildFile; fileRef = 0F30C62F1EE7194E0013CE18 /* PDFScanner.mm */; };
		0F30C6381EE71A5D0013CE18 /* liblept.a in Frameworks */ = {isa = PBXBuildFile; fileRef = 0F30C6331EE71A5D0013CE18 /* liblept.a */; };
		0F30C6391EE71A5D0013CE18 /* libpng.a in Frameworks */ = {isa = PBXBuildFile; fileRef = 0F30C6341EE71A5D0013CE18 /* libpng.a */; };
		0F30C63A1EE71A5D0013CE18 /* libtesseract.a in Frameworks */ = {isa = PBXBuildFile; fileRef = 0F30C6351EE71A5D0013CE18 /* libtesseract.a */; };
		0F30C63B1EE71A5D0013CE18 /* libtiff.a in Frameworks */ = {isa = PBXBuildFile; fileRef = 0F30C6361EE71A5D0013CE18 /* libtiff.a */; };
		0F30C63C1EE7203A0013CE18 /* libjpeg.a in Frameworks */ = {isa = PBXBuildFile; fileRef = 0F30C6321EE71A5D0013CE18 /* libjpeg.a */; };
		0F30C63E1EE721140013CE18 /* libz.tbd in Frameworks */ = {isa = PBXBuildFile; fileRef = 0F30C63D1EE721140013CE18 /* libz.tbd */; };
		0F30C6401EE72E970013CE18 /* tessdata in Resources */ = {isa = PBXBuildFile; fileRef = 0F30C63F1EE72E970013CE18 /* tessdata */; };
		0F30C6461EE739640013CE18 /* UIImage+Pix.mm in Sources */ = {isa = PBXBuildFile; fileRef = 0F30C6451EE739640013CE18 /* UIImage+Pix.mm */; };
		0F365BFE1EEAEA3C00747832 /* DLog.swift in Sources */ = {isa = PBXBuildFile; fileRef = 0F365BFD1EEAEA3C00747832 /* DLog.swift */; };
		0F8905BC1EE9DAEC00B2523D /* Localizable.stringsdict in Resources */ = {isa = PBXBuildFile; fileRef = 0F8905BA1EE9DAEC00B2523D /* Localizable.stringsdict */; };
		0FC57F631EE5E67F00EE62F2 /* AppDelegate.swift in Sources */ = {isa = PBXBuildFile; fileRef = 0FC57F621EE5E67F00EE62F2 /* AppDelegate.swift */; };
		0FC57F651EE5E67F00EE62F2 /* ScanResultViewController.swift in Sources */ = {isa = PBXBuildFile; fileRef = 0FC57F641EE5E67F00EE62F2 /* ScanResultViewController.swift */; };
		0FC57F681EE5E67F00EE62F2 /* Main.storyboard in Resources */ = {isa = PBXBuildFile; fileRef = 0FC57F661EE5E67F00EE62F2 /* Main.storyboard */; };
		0FC57F6A1EE5E67F00EE62F2 /* Assets.xcassets in Resources */ = {isa = PBXBuildFile; fileRef = 0FC57F691EE5E67F00EE62F2 /* Assets.xcassets */; };
		0FC57F6D1EE5E67F00EE62F2 /* LaunchScreen.storyboard in Resources */ = {isa = PBXBuildFile; fileRef = 0FC57F6B1EE5E67F00EE62F2 /* LaunchScreen.storyboard */; };
		0FC57F781EE5E67F00EE62F2 /* SnapScanTests.swift in Sources */ = {isa = PBXBuildFile; fileRef = 0FC57F771EE5E67F00EE62F2 /* SnapScanTests.swift */; };
		0FC57F831EE5E67F00EE62F2 /* SnapScanUITests.swift in Sources */ = {isa = PBXBuildFile; fileRef = 0FC57F821EE5E67F00EE62F2 /* SnapScanUITests.swift */; };
		0FC57F951EE5F62900EE62F2 /* Realm.framework in Frameworks */ = {isa = PBXBuildFile; fileRef = 0FC57F941EE5F62900EE62F2 /* Realm.framework */; };
		0FC57F961EE5F62900EE62F2 /* Realm.framework in Embed Frameworks */ = {isa = PBXBuildFile; fileRef = 0FC57F941EE5F62900EE62F2 /* Realm.framework */; settings = {ATTRIBUTES = (CodeSignOnCopy, RemoveHeadersOnCopy, ); }; };
		0FC57F991EE5F63100EE62F2 /* RealmSwift.framework in Frameworks */ = {isa = PBXBuildFile; fileRef = 0FC57F981EE5F63100EE62F2 /* RealmSwift.framework */; };
		0FC57F9A1EE5F63100EE62F2 /* RealmSwift.framework in Embed Frameworks */ = {isa = PBXBuildFile; fileRef = 0FC57F981EE5F63100EE62F2 /* RealmSwift.framework */; settings = {ATTRIBUTES = (CodeSignOnCopy, RemoveHeadersOnCopy, ); }; };
		0FE659C71EE9A93700EE0725 /* TimeInterval+Units.swift in Sources */ = {isa = PBXBuildFile; fileRef = 0FE659C61EE9A93700EE0725 /* TimeInterval+Units.swift */; };
/* End PBXBuildFile section */

/* Begin PBXContainerItemProxy section */
		0FC57F741EE5E67F00EE62F2 /* PBXContainerItemProxy */ = {
			isa = PBXContainerItemProxy;
			containerPortal = 0FC57F571EE5E67F00EE62F2 /* Project object */;
			proxyType = 1;
			remoteGlobalIDString = 0FC57F5E1EE5E67F00EE62F2;
			remoteInfo = SnapScan;
		};
		0FC57F7F1EE5E67F00EE62F2 /* PBXContainerItemProxy */ = {
			isa = PBXContainerItemProxy;
			containerPortal = 0FC57F571EE5E67F00EE62F2 /* Project object */;
			proxyType = 1;
			remoteGlobalIDString = 0FC57F5E1EE5E67F00EE62F2;
			remoteInfo = SnapScan;
		};
/* End PBXContainerItemProxy section */

/* Begin PBXCopyFilesBuildPhase section */
		0FC57F971EE5F62900EE62F2 /* Embed Frameworks */ = {
			isa = PBXCopyFilesBuildPhase;
			buildActionMask = 2147483647;
			dstPath = "";
			dstSubfolderSpec = 10;
			files = (
				0FC57F9A1EE5F63100EE62F2 /* RealmSwift.framework in Embed Frameworks */,
				0FC57F961EE5F62900EE62F2 /* Realm.framework in Embed Frameworks */,
			);
			name = "Embed Frameworks";
			runOnlyForDeploymentPostprocessing = 0;
		};
/* End PBXCopyFilesBuildPhase section */

/* Begin PBXFileReference section */
		0F01A2ED1EE8540D0022F20E /* DLog.h */ = {isa = PBXFileReference; lastKnownFileType = sourcecode.c.h; path = DLog.h; sourceTree = "<group>"; };
		0F1773E71EE5FDE700749740 /* ScanResultTests.swift */ = {isa = PBXFileReference; fileEncoding = 4; lastKnownFileType = sourcecode.swift; path = ScanResultTests.swift; sourceTree = "<group>"; };
		0F1A78941EE878270067EEB3 /* DefaultFileManager.h */ = {isa = PBXFileReference; fileEncoding = 4; lastKnownFileType = sourcecode.c.h; name = DefaultFileManager.h; path = Scanning/DefaultFileManager.h; sourceTree = "<group>"; };
		0F1A78951EE878270067EEB3 /* DefaultFileManager.m */ = {isa = PBXFileReference; fileEncoding = 4; lastKnownFileType = sourcecode.c.objc; name = DefaultFileManager.m; path = Scanning/DefaultFileManager.m; sourceTree = "<group>"; };
		0F1A78981EE893F40067EEB3 /* ScanResultCell.swift */ = {isa = PBXFileReference; fileEncoding = 4; lastKnownFileType = sourcecode.swift; name = ScanResultCell.swift; path = Views/ScanResultCell.swift; sourceTree = "<group>"; };
		0F30C6271EE7151C0013CE18 /* SnapScan-Bridging-Header.h */ = {isa = PBXFileReference; lastKnownFileType = sourcecode.c.h; path = "SnapScan-Bridging-Header.h"; sourceTree = "<group>"; };
		0F30C62B1EE719360013CE18 /* ScanResult.swift */ = {isa = PBXFileReference; fileEncoding = 4; lastKnownFileType = sourcecode.swift; name = ScanResult.swift; path = Models/ScanResult.swift; sourceTree = "<group>"; };
		0F30C62E1EE7194E0013CE18 /* PDFScanner.h */ = {isa = PBXFileReference; fileEncoding = 4; lastKnownFileType = sourcecode.c.h; name = PDFScanner.h; path = Scanning/PDFScanner.h; sourceTree = "<group>"; };
		0F30C62F1EE7194E0013CE18 /* PDFScanner.mm */ = {isa = PBXFileReference; fileEncoding = 4; lastKnownFileType = sourcecode.cpp.objcpp; name = PDFScanner.mm; path = Scanning/PDFScanner.mm; sourceTree = "<group>"; };
		0F30C6321EE71A5D0013CE18 /* libjpeg.a */ = {isa = PBXFileReference; lastKnownFileType = archive.ar; name = libjpeg.a; path = ../vendor/lib/libjpeg.a; sourceTree = "<group>"; };
		0F30C6331EE71A5D0013CE18 /* liblept.a */ = {isa = PBXFileReference; lastKnownFileType = archive.ar; name = liblept.a; path = ../vendor/lib/liblept.a; sourceTree = "<group>"; };
		0F30C6341EE71A5D0013CE18 /* libpng.a */ = {isa = PBXFileReference; lastKnownFileType = archive.ar; name = libpng.a; path = ../vendor/lib/libpng.a; sourceTree = "<group>"; };
		0F30C6351EE71A5D0013CE18 /* libtesseract.a */ = {isa = PBXFileReference; lastKnownFileType = archive.ar; name = libtesseract.a; path = ../vendor/lib/libtesseract.a; sourceTree = "<group>"; };
		0F30C6361EE71A5D0013CE18 /* libtiff.a */ = {isa = PBXFileReference; lastKnownFileType = archive.ar; name = libtiff.a; path = ../vendor/lib/libtiff.a; sourceTree = "<group>"; };
		0F30C63D1EE721140013CE18 /* libz.tbd */ = {isa = PBXFileReference; lastKnownFileType = "sourcecode.text-based-dylib-definition"; name = libz.tbd; path = usr/lib/libz.tbd; sourceTree = SDKROOT; };
		0F30C63F1EE72E970013CE18 /* tessdata */ = {isa = PBXFileReference; lastKnownFileType = folder; name = tessdata; path = SnapScan/tessdata; sourceTree = "<group>"; };
		0F30C6441EE739640013CE18 /* UIImage+Pix.h */ = {isa = PBXFileReference; fileEncoding = 4; lastKnownFileType = sourcecode.c.h; name = "UIImage+Pix.h"; path = "Scanning/UIImage+Pix.h"; sourceTree = "<group>"; };
		0F30C6451EE739640013CE18 /* UIImage+Pix.mm */ = {isa = PBXFileReference; fileEncoding = 4; lastKnownFileType = sourcecode.cpp.objcpp; name = "UIImage+Pix.mm"; path = "Scanning/UIImage+Pix.mm"; sourceTree = "<group>"; };
		0F365BFD1EEAEA3C00747832 /* DLog.swift */ = {isa = PBXFileReference; fileEncoding = 4; lastKnownFileType = sourcecode.swift; path = DLog.swift; sourceTree = "<group>"; };
		0F8905BB1EE9DAEC00B2523D /* Base */ = {isa = PBXFileReference; lastKnownFileType = text.plist.stringsdict; name = Base; path = Base.lproj/Localizable.stringsdict; sourceTree = "<group>"; };
		0FC57F5F1EE5E67F00EE62F2 /* SnapScan.app */ = {isa = PBXFileReference; explicitFileType = wrapper.application; includeInIndex = 0; path = SnapScan.app; sourceTree = BUILT_PRODUCTS_DIR; };
		0FC57F621EE5E67F00EE62F2 /* AppDelegate.swift */ = {isa = PBXFileReference; lastKnownFileType = sourcecode.swift; path = AppDelegate.swift; sourceTree = "<group>"; };
		0FC57F641EE5E67F00EE62F2 /* ScanResultViewController.swift */ = {isa = PBXFileReference; lastKnownFileType = sourcecode.swift; path = ScanResultViewController.swift; sourceTree = "<group>"; };
		0FC57F671EE5E67F00EE62F2 /* Base */ = {isa = PBXFileReference; lastKnownFileType = file.storyboard; name = Base; path = Base.lproj/Main.storyboard; sourceTree = "<group>"; };
		0FC57F691EE5E67F00EE62F2 /* Assets.xcassets */ = {isa = PBXFileReference; lastKnownFileType = folder.assetcatalog; path = Assets.xcassets; sourceTree = "<group>"; };
		0FC57F6C1EE5E67F00EE62F2 /* Base */ = {isa = PBXFileReference; lastKnownFileType = file.storyboard; name = Base; path = Base.lproj/LaunchScreen.storyboard; sourceTree = "<group>"; };
		0FC57F6E1EE5E67F00EE62F2 /* Info.plist */ = {isa = PBXFileReference; lastKnownFileType = text.plist.xml; path = Info.plist; sourceTree = "<group>"; };
		0FC57F731EE5E67F00EE62F2 /* SnapScanTests.xctest */ = {isa = PBXFileReference; explicitFileType = wrapper.cfbundle; includeInIndex = 0; path = SnapScanTests.xctest; sourceTree = BUILT_PRODUCTS_DIR; };
		0FC57F771EE5E67F00EE62F2 /* SnapScanTests.swift */ = {isa = PBXFileReference; lastKnownFileType = sourcecode.swift; path = SnapScanTests.swift; sourceTree = "<group>"; };
		0FC57F791EE5E67F00EE62F2 /* Info.plist */ = {isa = PBXFileReference; lastKnownFileType = text.plist.xml; path = Info.plist; sourceTree = "<group>"; };
		0FC57F7E1EE5E67F00EE62F2 /* SnapScanUITests.xctest */ = {isa = PBXFileReference; explicitFileType = wrapper.cfbundle; includeInIndex = 0; path = SnapScanUITests.xctest; sourceTree = BUILT_PRODUCTS_DIR; };
		0FC57F821EE5E67F00EE62F2 /* SnapScanUITests.swift */ = {isa = PBXFileReference; lastKnownFileType = sourcecode.swift; path = SnapScanUITests.swift; sourceTree = "<group>"; };
		0FC57F841EE5E67F00EE62F2 /* Info.plist */ = {isa = PBXFileReference; lastKnownFileType = text.plist.xml; path = Info.plist; sourceTree = "<group>"; };
		0FC57F941EE5F62900EE62F2 /* Realm.framework */ = {isa = PBXFileReference; lastKnownFileType = wrapper.framework; name = Realm.framework; path = SnapScan/Frameworks/Realm.framework; sourceTree = "<group>"; };
		0FC57F981EE5F63100EE62F2 /* RealmSwift.framework */ = {isa = PBXFileReference; lastKnownFileType = wrapper.framework; name = RealmSwift.framework; path = SnapScan/Frameworks/RealmSwift.framework; sourceTree = "<group>"; };
		0FE659C61EE9A93700EE0725 /* TimeInterval+Units.swift */ = {isa = PBXFileReference; fileEncoding = 4; lastKnownFileType = sourcecode.swift; path = "TimeInterval+Units.swift"; sourceTree = "<group>"; };
/* End PBXFileReference section */

/* Begin PBXFrameworksBuildPhase section */
		0FC57F5C1EE5E67F00EE62F2 /* Frameworks */ = {
			isa = PBXFrameworksBuildPhase;
			buildActionMask = 2147483647;
			files = (
				0F30C63E1EE721140013CE18 /* libz.tbd in Frameworks */,
				0F30C6381EE71A5D0013CE18 /* liblept.a in Frameworks */,
				0F30C6391EE71A5D0013CE18 /* libpng.a in Frameworks */,
				0F30C63C1EE7203A0013CE18 /* libjpeg.a in Frameworks */,
				0F30C63A1EE71A5D0013CE18 /* libtesseract.a in Frameworks */,
				0F30C63B1EE71A5D0013CE18 /* libtiff.a in Frameworks */,
				0FC57F991EE5F63100EE62F2 /* RealmSwift.framework in Frameworks */,
				0FC57F951EE5F62900EE62F2 /* Realm.framework in Frameworks */,
			);
			runOnlyForDeploymentPostprocessing = 0;
		};
		0FC57F701EE5E67F00EE62F2 /* Frameworks */ = {
			isa = PBXFrameworksBuildPhase;
			buildActionMask = 2147483647;
			files = (
			);
			runOnlyForDeploymentPostprocessing = 0;
		};
		0FC57F7B1EE5E67F00EE62F2 /* Frameworks */ = {
			isa = PBXFrameworksBuildPhase;
			buildActionMask = 2147483647;
			files = (
			);
			runOnlyForDeploymentPostprocessing = 0;
		};
/* End PBXFrameworksBuildPhase section */

/* Begin PBXGroup section */
		0F1A78971EE893D60067EEB3 /* Views */ = {
			isa = PBXGroup;
			children = (
				0F1A78981EE893F40067EEB3 /* ScanResultCell.swift */,
			);
			name = Views;
			sourceTree = "<group>";
		};
		0F30C62A1EE719210013CE18 /* Models */ = {
			isa = PBXGroup;
			children = (
				0F30C62B1EE719360013CE18 /* ScanResult.swift */,
			);
			name = Models;
			sourceTree = "<group>";
		};
		0F30C62D1EE719450013CE18 /* Scanning */ = {
			isa = PBXGroup;
			children = (
				0F30C62E1EE7194E0013CE18 /* PDFScanner.h */,
				0F30C62F1EE7194E0013CE18 /* PDFScanner.mm */,
				0F30C6441EE739640013CE18 /* UIImage+Pix.h */,
				0F30C6451EE739640013CE18 /* UIImage+Pix.mm */,
				0F1A78941EE878270067EEB3 /* DefaultFileManager.h */,
				0F1A78951EE878270067EEB3 /* DefaultFileManager.m */,
			);
			name = Scanning;
			sourceTree = "<group>";
		};
		0F30C6311EE71A5D0013CE18 /* Frameworks */ = {
			isa = PBXGroup;
			children = (
				0F30C63D1EE721140013CE18 /* libz.tbd */,
				0FC57F981EE5F63100EE62F2 /* RealmSwift.framework */,
				0FC57F941EE5F62900EE62F2 /* Realm.framework */,
				0F30C6321EE71A5D0013CE18 /* libjpeg.a */,
				0F30C6331EE71A5D0013CE18 /* liblept.a */,
				0F30C6341EE71A5D0013CE18 /* libpng.a */,
				0F30C6351EE71A5D0013CE18 /* libtesseract.a */,
				0F30C6361EE71A5D0013CE18 /* libtiff.a */,
			);
			name = Frameworks;
			sourceTree = "<group>";
		};
		0F30C6411EE7356F0013CE18 /* ViewControllers */ = {
			isa = PBXGroup;
			children = (
				0FC57F641EE5E67F00EE62F2 /* ScanResultViewController.swift */,
			);
			name = ViewControllers;
			sourceTree = "<group>";
		};
		0FC57F561EE5E67F00EE62F2 = {
			isa = PBXGroup;
			children = (
				0F30C63F1EE72E970013CE18 /* tessdata */,
				0FC57F611EE5E67F00EE62F2 /* SnapScan */,
				0FC57F761EE5E67F00EE62F2 /* SnapScanTests */,
				0FC57F811EE5E67F00EE62F2 /* SnapScanUITests */,
				0FC57F601EE5E67F00EE62F2 /* Products */,
				0F30C6311EE71A5D0013CE18 /* Frameworks */,
			);
			sourceTree = "<group>";
		};
		0FC57F601EE5E67F00EE62F2 /* Products */ = {
			isa = PBXGroup;
			children = (
				0FC57F5F1EE5E67F00EE62F2 /* SnapScan.app */,
				0FC57F731EE5E67F00EE62F2 /* SnapScanTests.xctest */,
				0FC57F7E1EE5E67F00EE62F2 /* SnapScanUITests.xctest */,
			);
			name = Products;
			sourceTree = "<group>";
		};
		0FC57F611EE5E67F00EE62F2 /* SnapScan */ = {
			isa = PBXGroup;
			children = (
				0FE659D11EE9D20100EE0725 /* Resources */,
				0F1A78971EE893D60067EEB3 /* Views */,
				0F30C6411EE7356F0013CE18 /* ViewControllers */,
				0F30C62D1EE719450013CE18 /* Scanning */,
				0F30C62A1EE719210013CE18 /* Models */,
				0FE659C81EE9A95E00EE0725 /* Extensions */,
				0FC57F621EE5E67F00EE62F2 /* AppDelegate.swift */,
				0FC57F691EE5E67F00EE62F2 /* Assets.xcassets */,
				0FC57F6E1EE5E67F00EE62F2 /* Info.plist */,
				0F30C6271EE7151C0013CE18 /* SnapScan-Bridging-Header.h */,
				0F01A2ED1EE8540D0022F20E /* DLog.h */,
				0F365BFD1EEAEA3C00747832 /* DLog.swift */,
			);
			path = SnapScan;
			sourceTree = "<group>";
		};
		0FC57F761EE5E67F00EE62F2 /* SnapScanTests */ = {
			isa = PBXGroup;
			children = (
				0FC57F791EE5E67F00EE62F2 /* Info.plist */,
				0FC57F771EE5E67F00EE62F2 /* SnapScanTests.swift */,
				0F1773E71EE5FDE700749740 /* ScanResultTests.swift */,
			);
			path = SnapScanTests;
			sourceTree = "<group>";
		};
		0FC57F811EE5E67F00EE62F2 /* SnapScanUITests */ = {
			isa = PBXGroup;
			children = (
				0FC57F821EE5E67F00EE62F2 /* SnapScanUITests.swift */,
				0FC57F841EE5E67F00EE62F2 /* Info.plist */,
			);
			path = SnapScanUITests;
			sourceTree = "<group>";
		};
		0FE659C81EE9A95E00EE0725 /* Extensions */ = {
			isa = PBXGroup;
			children = (
				0FE659C61EE9A93700EE0725 /* TimeInterval+Units.swift */,
			);
			name = Extensions;
			sourceTree = "<group>";
		};
		0FE659D11EE9D20100EE0725 /* Resources */ = {
			isa = PBXGroup;
			children = (
				0FC57F661EE5E67F00EE62F2 /* Main.storyboard */,
				0FC57F6B1EE5E67F00EE62F2 /* LaunchScreen.storyboard */,
				0F8905BA1EE9DAEC00B2523D /* Localizable.stringsdict */,
			);
			name = Resources;
			sourceTree = "<group>";
		};
/* End PBXGroup section */

/* Begin PBXNativeTarget section */
		0FC57F5E1EE5E67F00EE62F2 /* SnapScan */ = {
			isa = PBXNativeTarget;
			buildConfigurationList = 0FC57F871EE5E67F00EE62F2 /* Build configuration list for PBXNativeTarget "SnapScan" */;
			buildPhases = (
				0F365BFF1EEAF42F00747832 /* Swift Lint */,
				0FC57F5B1EE5E67F00EE62F2 /* Sources */,
				0FC57F5C1EE5E67F00EE62F2 /* Frameworks */,
				0FC57F5D1EE5E67F00EE62F2 /* Resources */,
				0FC57F931EE5EB3800EE62F2 /* FIXME: Run Script */,
				0FC57F971EE5F62900EE62F2 /* Embed Frameworks */,
			);
			buildRules = (
			);
			dependencies = (
			);
			name = SnapScan;
			productName = SnapScan;
			productReference = 0FC57F5F1EE5E67F00EE62F2 /* SnapScan.app */;
			productType = "com.apple.product-type.application";
		};
		0FC57F721EE5E67F00EE62F2 /* SnapScanTests */ = {
			isa = PBXNativeTarget;
			buildConfigurationList = 0FC57F8A1EE5E67F00EE62F2 /* Build configuration list for PBXNativeTarget "SnapScanTests" */;
			buildPhases = (
				0FC57F6F1EE5E67F00EE62F2 /* Sources */,
				0FC57F701EE5E67F00EE62F2 /* Frameworks */,
				0FC57F711EE5E67F00EE62F2 /* Resources */,
			);
			buildRules = (
			);
			dependencies = (
				0FC57F751EE5E67F00EE62F2 /* PBXTargetDependency */,
			);
			name = SnapScanTests;
			productName = SnapScanTests;
			productReference = 0FC57F731EE5E67F00EE62F2 /* SnapScanTests.xctest */;
			productType = "com.apple.product-type.bundle.unit-test";
		};
		0FC57F7D1EE5E67F00EE62F2 /* SnapScanUITests */ = {
			isa = PBXNativeTarget;
			buildConfigurationList = 0FC57F8D1EE5E67F00EE62F2 /* Build configuration list for PBXNativeTarget "SnapScanUITests" */;
			buildPhases = (
				0FC57F7A1EE5E67F00EE62F2 /* Sources */,
				0FC57F7B1EE5E67F00EE62F2 /* Frameworks */,
				0FC57F7C1EE5E67F00EE62F2 /* Resources */,
			);
			buildRules = (
			);
			dependencies = (
				0FC57F801EE5E67F00EE62F2 /* PBXTargetDependency */,
			);
			name = SnapScanUITests;
			productName = SnapScanUITests;
			productReference = 0FC57F7E1EE5E67F00EE62F2 /* SnapScanUITests.xctest */;
			productType = "com.apple.product-type.bundle.ui-testing";
		};
/* End PBXNativeTarget section */

/* Begin PBXProject section */
		0FC57F571EE5E67F00EE62F2 /* Project object */ = {
			isa = PBXProject;
			attributes = {
				LastSwiftUpdateCheck = 0830;
				LastUpgradeCheck = 0830;
				ORGANIZATIONNAME = "Bryan Fox";
				TargetAttributes = {
					0FC57F5E1EE5E67F00EE62F2 = {
						CreatedOnToolsVersion = 8.3.2;
						DevelopmentTeam = YU8J9474XL;
						ProvisioningStyle = Automatic;
					};
					0FC57F721EE5E67F00EE62F2 = {
						CreatedOnToolsVersion = 8.3.2;
						DevelopmentTeam = YU8J9474XL;
						ProvisioningStyle = Automatic;
						TestTargetID = 0FC57F5E1EE5E67F00EE62F2;
					};
					0FC57F7D1EE5E67F00EE62F2 = {
						CreatedOnToolsVersion = 8.3.2;
						DevelopmentTeam = YU8J9474XL;
						ProvisioningStyle = Automatic;
						TestTargetID = 0FC57F5E1EE5E67F00EE62F2;
					};
				};
			};
			buildConfigurationList = 0FC57F5A1EE5E67F00EE62F2 /* Build configuration list for PBXProject "SnapScan" */;
			compatibilityVersion = "Xcode 3.2";
			developmentRegion = English;
			hasScannedForEncodings = 0;
			knownRegions = (
				en,
				Base,
			);
			mainGroup = 0FC57F561EE5E67F00EE62F2;
			productRefGroup = 0FC57F601EE5E67F00EE62F2 /* Products */;
			projectDirPath = "";
			projectRoot = "";
			targets = (
				0FC57F5E1EE5E67F00EE62F2 /* SnapScan */,
				0FC57F721EE5E67F00EE62F2 /* SnapScanTests */,
				0FC57F7D1EE5E67F00EE62F2 /* SnapScanUITests */,
			);
		};
/* End PBXProject section */

/* Begin PBXResourcesBuildPhase section */
		0FC57F5D1EE5E67F00EE62F2 /* Resources */ = {
			isa = PBXResourcesBuildPhase;
			buildActionMask = 2147483647;
			files = (
				0FC57F6D1EE5E67F00EE62F2 /* LaunchScreen.storyboard in Resources */,
				0F30C6401EE72E970013CE18 /* tessdata in Resources */,
				0FC57F6A1EE5E67F00EE62F2 /* Assets.xcassets in Resources */,
				0F8905BC1EE9DAEC00B2523D /* Localizable.stringsdict in Resources */,
				0FC57F681EE5E67F00EE62F2 /* Main.storyboard in Resources */,
			);
			runOnlyForDeploymentPostprocessing = 0;
		};
		0FC57F711EE5E67F00EE62F2 /* Resources */ = {
			isa = PBXResourcesBuildPhase;
			buildActionMask = 2147483647;
			files = (
			);
			runOnlyForDeploymentPostprocessing = 0;
		};
		0FC57F7C1EE5E67F00EE62F2 /* Resources */ = {
			isa = PBXResourcesBuildPhase;
			buildActionMask = 2147483647;
			files = (
			);
			runOnlyForDeploymentPostprocessing = 0;
		};
/* End PBXResourcesBuildPhase section */

/* Begin PBXShellScriptBuildPhase section */
		0F365BFF1EEAF42F00747832 /* Swift Lint */ = {
			isa = PBXShellScriptBuildPhase;
			buildActionMask = 2147483647;
			files = (
			);
			inputPaths = (
			);
			name = "Swift Lint";
			outputPaths = (
			);
			runOnlyForDeploymentPostprocessing = 0;
			shellPath = /bin/sh;
			shellScript = "if which swiftlint >/dev/null; then\n  swiftlint\nelse\n  echo \"warning: SwiftLint not installed, download from https://github.com/realm/SwiftLint\"\nfi";
		};
		0FC57F931EE5EB3800EE62F2 /* FIXME: Run Script */ = {
			isa = PBXShellScriptBuildPhase;
			buildActionMask = 2147483647;
			files = (
			);
			inputPaths = (
			);
			name = "FIXME: Run Script";
			outputPaths = (
			);
			runOnlyForDeploymentPostprocessing = 0;
			shellPath = /bin/bash;
			shellScript = "#bash \"${BUILT_PRODUCTS_DIR}/${FRAMEWORKS_FOLDER_PATH}/Realm.framework/strip-frameworks.sh\"\n";
		};
/* End PBXShellScriptBuildPhase section */

/* Begin PBXSourcesBuildPhase section */
		0FC57F5B1EE5E67F00EE62F2 /* Sources */ = {
			isa = PBXSourcesBuildPhase;
			buildActionMask = 2147483647;
			files = (
				0FC57F651EE5E67F00EE62F2 /* ScanResultViewController.swift in Sources */,
				0FE659C71EE9A93700EE0725 /* TimeInterval+Units.swift in Sources */,
				0F1A78991EE893F40067EEB3 /* ScanResultCell.swift in Sources */,
				0F365BFE1EEAEA3C00747832 /* DLog.swift in Sources */,
				0F1A78961EE878270067EEB3 /* DefaultFileManager.m in Sources */,
				0F30C6301EE7194E0013CE18 /* PDFScanner.mm in Sources */,
				0FC57F631EE5E67F00EE62F2 /* AppDelegate.swift in Sources */,
				0F30C6461EE739640013CE18 /* UIImage+Pix.mm in Sources */,
				0F30C62C1EE719360013CE18 /* ScanResult.swift in Sources */,
			);
			runOnlyForDeploymentPostprocessing = 0;
		};
		0FC57F6F1EE5E67F00EE62F2 /* Sources */ = {
			isa = PBXSourcesBuildPhase;
			buildActionMask = 2147483647;
			files = (
				0F1773E81EE5FDE700749740 /* ScanResultTests.swift in Sources */,
				0FC57F781EE5E67F00EE62F2 /* SnapScanTests.swift in Sources */,
			);
			runOnlyForDeploymentPostprocessing = 0;
		};
		0FC57F7A1EE5E67F00EE62F2 /* Sources */ = {
			isa = PBXSourcesBuildPhase;
			buildActionMask = 2147483647;
			files = (
				0FC57F831EE5E67F00EE62F2 /* SnapScanUITests.swift in Sources */,
			);
			runOnlyForDeploymentPostprocessing = 0;
		};
/* End PBXSourcesBuildPhase section */

/* Begin PBXTargetDependency section */
		0FC57F751EE5E67F00EE62F2 /* PBXTargetDependency */ = {
			isa = PBXTargetDependency;
			target = 0FC57F5E1EE5E67F00EE62F2 /* SnapScan */;
			targetProxy = 0FC57F741EE5E67F00EE62F2 /* PBXContainerItemProxy */;
		};
		0FC57F801EE5E67F00EE62F2 /* PBXTargetDependency */ = {
			isa = PBXTargetDependency;
			target = 0FC57F5E1EE5E67F00EE62F2 /* SnapScan */;
			targetProxy = 0FC57F7F1EE5E67F00EE62F2 /* PBXContainerItemProxy */;
		};
/* End PBXTargetDependency section */

/* Begin PBXVariantGroup section */
		0F8905BA1EE9DAEC00B2523D /* Localizable.stringsdict */ = {
			isa = PBXVariantGroup;
			children = (
				0F8905BB1EE9DAEC00B2523D /* Base */,
			);
			name = Localizable.stringsdict;
			sourceTree = "<group>";
		};
		0FC57F661EE5E67F00EE62F2 /* Main.storyboard */ = {
			isa = PBXVariantGroup;
			children = (
				0FC57F671EE5E67F00EE62F2 /* Base */,
			);
			name = Main.storyboard;
			sourceTree = "<group>";
		};
		0FC57F6B1EE5E67F00EE62F2 /* LaunchScreen.storyboard */ = {
			isa = PBXVariantGroup;
			children = (
				0FC57F6C1EE5E67F00EE62F2 /* Base */,
			);
			name = LaunchScreen.storyboard;
			sourceTree = "<group>";
		};
/* End PBXVariantGroup section */

/* Begin XCBuildConfiguration section */
		0FC57F851EE5E67F00EE62F2 /* Debug */ = {
			isa = XCBuildConfiguration;
			buildSettings = {
				ALWAYS_SEARCH_USER_PATHS = NO;
				CLANG_ANALYZER_NONNULL = YES;
				CLANG_ANALYZER_NUMBER_OBJECT_CONVERSION = YES_AGGRESSIVE;
				CLANG_CXX_LANGUAGE_STANDARD = "gnu++0x";
				CLANG_CXX_LIBRARY = "libc++";
				CLANG_ENABLE_MODULES = YES;
				CLANG_ENABLE_OBJC_ARC = YES;
				CLANG_WARN_BOOL_CONVERSION = YES;
				CLANG_WARN_CONSTANT_CONVERSION = YES;
				CLANG_WARN_DIRECT_OBJC_ISA_USAGE = YES_ERROR;
				CLANG_WARN_DOCUMENTATION_COMMENTS = YES;
				CLANG_WARN_EMPTY_BODY = YES;
				CLANG_WARN_ENUM_CONVERSION = YES;
				CLANG_WARN_INFINITE_RECURSION = YES;
				CLANG_WARN_INT_CONVERSION = YES;
				CLANG_WARN_OBJC_ROOT_CLASS = YES_ERROR;
				CLANG_WARN_SUSPICIOUS_MOVE = YES;
				CLANG_WARN_UNREACHABLE_CODE = YES;
				CLANG_WARN__DUPLICATE_METHOD_MATCH = YES;
				"CODE_SIGN_IDENTITY[sdk=iphoneos*]" = "iPhone Developer";
				COPY_PHASE_STRIP = NO;
				DEBUG_INFORMATION_FORMAT = dwarf;
				ENABLE_STRICT_OBJC_MSGSEND = YES;
				ENABLE_TESTABILITY = YES;
				GCC_C_LANGUAGE_STANDARD = gnu99;
				GCC_DYNAMIC_NO_PIC = NO;
				GCC_NO_COMMON_BLOCKS = YES;
				GCC_OPTIMIZATION_LEVEL = 0;
				GCC_PREPROCESSOR_DEFINITIONS = (
					"DEBUG=1",
					"$(inherited)",
				);
				GCC_WARN_64_TO_32_BIT_CONVERSION = YES;
				GCC_WARN_ABOUT_RETURN_TYPE = YES_ERROR;
				GCC_WARN_UNDECLARED_SELECTOR = YES;
				GCC_WARN_UNINITIALIZED_AUTOS = YES_AGGRESSIVE;
				GCC_WARN_UNUSED_FUNCTION = YES;
				GCC_WARN_UNUSED_VARIABLE = YES;
				IPHONEOS_DEPLOYMENT_TARGET = 10.3;
				MTL_ENABLE_DEBUG_INFO = YES;
				ONLY_ACTIVE_ARCH = YES;
				SDKROOT = iphoneos;
				SWIFT_ACTIVE_COMPILATION_CONDITIONS = DEBUG;
				SWIFT_OPTIMIZATION_LEVEL = "-Onone";
				TARGETED_DEVICE_FAMILY = "1,2";
			};
			name = Debug;
		};
		0FC57F861EE5E67F00EE62F2 /* Release */ = {
			isa = XCBuildConfiguration;
			buildSettings = {
				ALWAYS_SEARCH_USER_PATHS = NO;
				CLANG_ANALYZER_NONNULL = YES;
				CLANG_ANALYZER_NUMBER_OBJECT_CONVERSION = YES_AGGRESSIVE;
				CLANG_CXX_LANGUAGE_STANDARD = "gnu++0x";
				CLANG_CXX_LIBRARY = "libc++";
				CLANG_ENABLE_MODULES = YES;
				CLANG_ENABLE_OBJC_ARC = YES;
				CLANG_WARN_BOOL_CONVERSION = YES;
				CLANG_WARN_CONSTANT_CONVERSION = YES;
				CLANG_WARN_DIRECT_OBJC_ISA_USAGE = YES_ERROR;
				CLANG_WARN_DOCUMENTATION_COMMENTS = YES;
				CLANG_WARN_EMPTY_BODY = YES;
				CLANG_WARN_ENUM_CONVERSION = YES;
				CLANG_WARN_INFINITE_RECURSION = YES;
				CLANG_WARN_INT_CONVERSION = YES;
				CLANG_WARN_OBJC_ROOT_CLASS = YES_ERROR;
				CLANG_WARN_SUSPICIOUS_MOVE = YES;
				CLANG_WARN_UNREACHABLE_CODE = YES;
				CLANG_WARN__DUPLICATE_METHOD_MATCH = YES;
				"CODE_SIGN_IDENTITY[sdk=iphoneos*]" = "iPhone Developer";
				COPY_PHASE_STRIP = NO;
				DEBUG_INFORMATION_FORMAT = "dwarf-with-dsym";
				ENABLE_NS_ASSERTIONS = NO;
				ENABLE_STRICT_OBJC_MSGSEND = YES;
				GCC_C_LANGUAGE_STANDARD = gnu99;
				GCC_NO_COMMON_BLOCKS = YES;
				GCC_WARN_64_TO_32_BIT_CONVERSION = YES;
				GCC_WARN_ABOUT_RETURN_TYPE = YES_ERROR;
				GCC_WARN_UNDECLARED_SELECTOR = YES;
				GCC_WARN_UNINITIALIZED_AUTOS = YES_AGGRESSIVE;
				GCC_WARN_UNUSED_FUNCTION = YES;
				GCC_WARN_UNUSED_VARIABLE = YES;
				IPHONEOS_DEPLOYMENT_TARGET = 10.3;
				MTL_ENABLE_DEBUG_INFO = NO;
				SDKROOT = iphoneos;
				SWIFT_OPTIMIZATION_LEVEL = "-Owholemodule";
				TARGETED_DEVICE_FAMILY = "1,2";
				VALIDATE_PRODUCT = YES;
			};
			name = Release;
		};
		0FC57F881EE5E67F00EE62F2 /* Debug */ = {
			isa = XCBuildConfiguration;
			buildSettings = {
				ASSETCATALOG_COMPILER_APPICON_NAME = AppIcon;
				DEVELOPMENT_TEAM = YU8J9474XL;
				FRAMEWORK_SEARCH_PATHS = (
					"$(inherited)",
					"$(PROJECT_DIR)/SnapScan/Frameworks",
				);
				HEADER_SEARCH_PATHS = (
					"$(inherit)",
					"\"$(SRCROOT)/../vendor/include\"",
				);
				INFOPLIST_FILE = SnapScan/Info.plist;
				LD_RUNPATH_SEARCH_PATHS = "$(inherited) @executable_path/Frameworks";
				LIBRARY_SEARCH_PATHS = "\"$(SRCROOT)/../vendor/lib\"";
				PRODUCT_BUNDLE_IDENTIFIER = com.bryfox.SnapScan;
				PRODUCT_NAME = "$(TARGET_NAME)";
				SWIFT_OBJC_BRIDGING_HEADER = "$(SRCROOT)/SnapScan/SnapScan-Bridging-Header.h";
				SWIFT_VERSION = 3.0;
				TARGETED_DEVICE_FAMILY = 1;
			};
			name = Debug;
		};
		0FC57F891EE5E67F00EE62F2 /* Release */ = {
			isa = XCBuildConfiguration;
			buildSettings = {
				ASSETCATALOG_COMPILER_APPICON_NAME = AppIcon;
				DEVELOPMENT_TEAM = YU8J9474XL;
				FRAMEWORK_SEARCH_PATHS = (
					"$(inherited)",
					"$(PROJECT_DIR)/SnapScan/Frameworks",
				);
				HEADER_SEARCH_PATHS = (
					"$(inherit)",
					"\"$(SRCROOT)/../vendor/include\"",
				);
				INFOPLIST_FILE = SnapScan/Info.plist;
				LD_RUNPATH_SEARCH_PATHS = "$(inherited) @executable_path/Frameworks";
				LIBRARY_SEARCH_PATHS = "\"$(SRCROOT)/../vendor/lib\"";
				PRODUCT_BUNDLE_IDENTIFIER = com.bryfox.SnapScan;
				PRODUCT_NAME = "$(TARGET_NAME)";
				SWIFT_OBJC_BRIDGING_HEADER = "$(SRCROOT)/SnapScan/SnapScan-Bridging-Header.h";
				SWIFT_VERSION = 3.0;
				TARGETED_DEVICE_FAMILY = 1;
			};
			name = Release;
		};
		0FC57F8B1EE5E67F00EE62F2 /* Debug */ = {
			isa = XCBuildConfiguration;
			buildSettings = {
				ALWAYS_EMBED_SWIFT_STANDARD_LIBRARIES = YES;
				BUNDLE_LOADER = "$(TEST_HOST)";
				DEVELOPMENT_TEAM = YU8J9474XL;
				FRAMEWORK_SEARCH_PATHS = "\"$(SRCROOT)/SnapScan/Frameworks\"";
				INFOPLIST_FILE = SnapScanTests/Info.plist;
				LD_RUNPATH_SEARCH_PATHS = "$(inherited) @executable_path/Frameworks @loader_path/Frameworks";
				PRODUCT_BUNDLE_IDENTIFIER = com.bryfox.SnapScanTests;
				PRODUCT_NAME = "$(TARGET_NAME)";
				SWIFT_VERSION = 3.0;
				TEST_HOST = "$(BUILT_PRODUCTS_DIR)/SnapScan.app/SnapScan";
			};
			name = Debug;
		};
		0FC57F8C1EE5E67F00EE62F2 /* Release */ = {
			isa = XCBuildConfiguration;
			buildSettings = {
				ALWAYS_EMBED_SWIFT_STANDARD_LIBRARIES = YES;
				BUNDLE_LOADER = "$(TEST_HOST)";
				DEVELOPMENT_TEAM = YU8J9474XL;
				FRAMEWORK_SEARCH_PATHS = "\"$(SRCROOT)/SnapScan/Frameworks\"";
				INFOPLIST_FILE = SnapScanTests/Info.plist;
				LD_RUNPATH_SEARCH_PATHS = "$(inherited) @executable_path/Frameworks @loader_path/Frameworks";
				PRODUCT_BUNDLE_IDENTIFIER = com.bryfox.SnapScanTests;
				PRODUCT_NAME = "$(TARGET_NAME)";
				SWIFT_VERSION = 3.0;
				TEST_HOST = "$(BUILT_PRODUCTS_DIR)/SnapScan.app/SnapScan";
			};
			name = Release;
		};
		0FC57F8E1EE5E67F00EE62F2 /* Debug */ = {
			isa = XCBuildConfiguration;
			buildSettings = {
				ALWAYS_EMBED_SWIFT_STANDARD_LIBRARIES = YES;
				DEVELOPMENT_TEAM = YU8J9474XL;
				INFOPLIST_FILE = SnapScanUITests/Info.plist;
				LD_RUNPATH_SEARCH_PATHS = "$(inherited) @executable_path/Frameworks @loader_path/Frameworks";
				PRODUCT_BUNDLE_IDENTIFIER = com.bryfox.SnapScanUITests;
				PRODUCT_NAME = "$(TARGET_NAME)";
				SWIFT_VERSION = 3.0;
				TEST_TARGET_NAME = SnapScan;
			};
			name = Debug;
		};
		0FC57F8F1EE5E67F00EE62F2 /* Release */ = {
			isa = XCBuildConfiguration;
			buildSettings = {
				ALWAYS_EMBED_SWIFT_STANDARD_LIBRARIES = YES;
				DEVELOPMENT_TEAM = YU8J9474XL;
				INFOPLIST_FILE = SnapScanUITests/Info.plist;
				LD_RUNPATH_SEARCH_PATHS = "$(inherited) @executable_path/Frameworks @loader_path/Frameworks";
				PRODUCT_BUNDLE_IDENTIFIER = com.bryfox.SnapScanUITests;
				PRODUCT_NAME = "$(TARGET_NAME)";
				SWIFT_VERSION = 3.0;
				TEST_TARGET_NAME = SnapScan;
			};
			name = Release;
		};
/* End XCBuildConfiguration section */

/* Begin XCConfigurationList section */
		0FC57F5A1EE5E67F00EE62F2 /* Build configuration list for PBXProject "SnapScan" */ = {
			isa = XCConfigurationList;
			buildConfigurations = (
				0FC57F851EE5E67F00EE62F2 /* Debug */,
				0FC57F861EE5E67F00EE62F2 /* Release */,
			);
			defaultConfigurationIsVisible = 0;
			defaultConfigurationName = Release;
		};
		0FC57F871EE5E67F00EE62F2 /* Build configuration list for PBXNativeTarget "SnapScan" */ = {
			isa = XCConfigurationList;
			buildConfigurations = (
				0FC57F881EE5E67F00EE62F2 /* Debug */,
				0FC57F891EE5E67F00EE62F2 /* Release */,
			);
			defaultConfigurationIsVisible = 0;
			defaultConfigurationName = Release;
		};
		0FC57F8A1EE5E67F00EE62F2 /* Build configuration list for PBXNativeTarget "SnapScanTests" */ = {
			isa = XCConfigurationList;
			buildConfigurations = (
				0FC57F8B1EE5E67F00EE62F2 /* Debug */,
				0FC57F8C1EE5E67F00EE62F2 /* Release */,
			);
			defaultConfigurationIsVisible = 0;
			defaultConfigurationName = Release;
		};
		0FC57F8D1EE5E67F00EE62F2 /* Build configuration list for PBXNativeTarget "SnapScanUITests" */ = {
			isa = XCConfigurationList;
			buildConfigurations = (
				0FC57F8E1EE5E67F00EE62F2 /* Debug */,
				0FC57F8F1EE5E67F00EE62F2 /* Release */,
			);
			defaultConfigurationIsVisible = 0;
			defaultConfigurationName = Release;
		};
/* End XCConfigurationList section */
	};
	rootObject = 0FC57F571EE5E67F00EE62F2 /* Project object */;
}
